{
  "version": 4,
  "terraform_version": "1.14.3",
  "serial": 35,
  "lineage": "58c89e89-63dd-6ff5-56f3-951c1acca725",
  "outputs": {
    "access_urls": {
      "value": {
        "glpi_http": "http://glpi.local",
        "glpi_https": "https://glpi.local"
      },
      "type": [
        "object",
        {
          "glpi_http": "string",
          "glpi_https": "string"
        }
      ]
    },
    "database_info": {
      "value": {
        "database": "glpi",
        "user": "glpi"
      },
      "type": [
        "object",
        {
          "database": "string",
          "user": "string"
        }
      ]
    },
    "project_info": {
      "value": {
        "docker_host": "localhost",
        "domain_name": "glpi.local",
        "project_name": "glpi-stack"
      },
      "type": [
        "object",
        {
          "docker_host": "string",
          "domain_name": "string",
          "project_name": "string"
        }
      ]
    }
  },
  "resources": [
    {
      "mode": "managed",
      "type": "local_file",
      "name": "ansible_inventory",
      "provider": "provider[\"registry.terraform.io/hashicorp/local\"]",
      "instances": [
        {
          "schema_version": 0,
          "attributes": {
            "content": "[docker_swarm]\nlocalhost ansible_user=mamadoubarry ansible_connection=local\n\n[docker_swarm:vars]\nansible_python_interpreter=/usr/bin/python3\n",
            "content_base64": null,
            "content_base64sha256": "5YZJT3o9EwKYSrufRhJSnB3Xbpewcb96MgSV07hglck=",
            "content_base64sha512": "HXsWwGWPRqAzYNv7U5IaBXqTji9wSGnIwYH3l/aa6aiYk7TnE1eQ5iPrCksN/ROYt38hfmCi9bWHOkCoIHqREQ==",
            "content_md5": "4526a987a67d11917b0e0a97292441d6",
            "content_sha1": "7b24e1541237126783dd54c768c723b3d9238e9e",
            "content_sha256": "e586494f7a3d1302984abb9f4612529c1dd76e97b071bf7a320495d3b86095c9",
            "content_sha512": "1d7b16c0658f46a03360dbfb53921a057a938e2f704869c8c181f797f69ae9a89893b4e7135790e623eb0a4b0dfd1398b77f217e60a2f5b5873a40a8207a9111",
            "directory_permission": "0777",
            "file_permission": "0777",
            "filename": "./../ansible/inventory/hosts.ini",
            "id": "7b24e1541237126783dd54c768c723b3d9238e9e",
            "sensitive_content": null,
            "source": null
          },
          "sensitive_attributes": [
            [
              {
                "type": "get_attr",
                "value": "sensitive_content"
              }
            ]
          ],
          "identity_schema_version": 0
        }
      ]
    },
    {
      "mode": "managed",
      "type": "local_file",
      "name": "ansible_vars",
      "provider": "provider[\"registry.terraform.io/hashicorp/local\"]",
      "instances": [
        {
          "schema_version": 0,
          "attributes": {
            "content": "---\n# Variables générées par Terraform\nproject_name: \"glpi-stack\"\ndomain_name: \"glpi.local\"\n\n# Configuration MariaDB\nmysql_root_password: \"RootP@ssw0rd2024!\"\nmysql_database: \"glpi\"\nmysql_user: \"glpi\"\nmysql_password: \"GlpiP@ssw0rd2024!\"\n\n# Configuration Docker Swarm\nswarm_manager_ip: \"127.0.0.1\"\nnginx_replicas: 3\n\n# Chemins\nproject_path: \"/home/{{ ansible_user }}/Bureau/projet_final\"\ndocker_stack_path: \"/home/{{ ansible_user }}/Bureau/projet_final/docker\"\n",
            "content_base64": null,
            "content_base64sha256": "FPV9xruJcSCB3c/1Ao83YvPumCD+44VS2g/05yVq5+s=",
            "content_base64sha512": "+EV88r/zc1m5so0U4iV8CyCPP8kZwHLop46iCFw19H5YyTWoyhw4rTjornTTALsj/LyCuFaA234ZSjNUYVxQRw==",
            "content_md5": "9de510a6fabce6ea814da9fbefb71e15",
            "content_sha1": "e73e511c4aaaa7aeb9df1154470e956d4c45a503",
            "content_sha256": "14f57dc6bb89712081ddcff5028f3762f3ee9820fee38552da0ff4e7256ae7eb",
            "content_sha512": "f8457cf2bff37359b9b28d14e2257c0b208f3fc919c072e8a78ea2085c35f47e58c935a8ca1c38ad38e8ae74d300bb23fcbc82b85680db7e194a3354615c5047",
            "directory_permission": "0777",
            "file_permission": "0777",
            "filename": "./../ansible/group_vars/all.yml",
            "id": "e73e511c4aaaa7aeb9df1154470e956d4c45a503",
            "sensitive_content": null,
            "source": null
          },
          "sensitive_attributes": [
            [
              {
                "type": "get_attr",
                "value": "content"
              }
            ],
            [
              {
                "type": "get_attr",
                "value": "sensitive_content"
              }
            ]
          ],
          "identity_schema_version": 0
        }
      ]
    },
    {
      "mode": "managed",
      "type": "local_file",
      "name": "docker_env",
      "provider": "provider[\"registry.terraform.io/hashicorp/local\"]",
      "instances": [
        {
          "schema_version": 0,
          "attributes": {
            "content": "# Variables d'environnement Docker\n# Généré automatiquement par Terraform\n\nMYSQL_ROOT_PASSWORD=RootP@ssw0rd2024!\nMYSQL_DATABASE=glpi\nMYSQL_USER=glpi\nMYSQL_PASSWORD=GlpiP@ssw0rd2024!\nDOMAIN_NAME=glpi.local\n",
            "content_base64": null,
            "content_base64sha256": "cUYQLyYAHB88NyAnt2SPKpgFlodyug/JUhL4GSLegCw=",
            "content_base64sha512": "bwXa7Xu7MFqcUHXzDzYlJjJCbENwpt2mfZoFwnJ1oJb/7soGpVE5hQ14O5mDp1kq+fPuOKg6Kt4MeVhvOZKnNA==",
            "content_md5": "8793b982208eacb42f1354179bdffc98",
            "content_sha1": "38a897c06c61f98f888a18a95200eec54b63cefe",
            "content_sha256": "7146102f26001c1f3c372027b7648f2a9805968772ba0fc95212f81922de802c",
            "content_sha512": "6f05daed7bbb305a9c5075f30f36252632426c4370a6dda67d9a05c27275a096ffeeca06a55139850d783b9983a7592af9f3ee38a83a2ade0c79586f3992a734",
            "directory_permission": "0777",
            "file_permission": "0777",
            "filename": "./../docker/.env",
            "id": "38a897c06c61f98f888a18a95200eec54b63cefe",
            "sensitive_content": null,
            "source": null
          },
          "sensitive_attributes": [
            [
              {
                "type": "get_attr",
                "value": "content"
              }
            ],
            [
              {
                "type": "get_attr",
                "value": "sensitive_content"
              }
            ]
          ],
          "identity_schema_version": 0
        }
      ]
    },
    {
      "mode": "managed",
      "type": "null_resource",
      "name": "run_ansible",
      "provider": "provider[\"registry.terraform.io/hashicorp/null\"]",
      "instances": [
        {
          "schema_version": 0,
          "attributes": {
            "id": "8527327961603389555",
            "triggers": {
              "always_run": "2026-02-04T14:32:44Z"
            }
          },
          "sensitive_attributes": [],
          "identity_schema_version": 0,
          "dependencies": [
            "local_file.ansible_inventory",
            "local_file.ansible_vars",
            "local_file.docker_env"
          ]
        }
      ]
    }
  ],
  "check_results": null
}
